
Microsoft Visual Studio Solution File, Format Version 12.00
# Visual Studio Version 16
VisualStudioVersion = 16.0.31025.194
MinimumVisualStudioVersion = 10.0.40219.1
Project("{FAE04EC0-301F-11D3-BF4B-00C04F79EFBC}") = "Inventory_System", "Inventory_System.csproj", "{37D883E5-7696-460A-AFB6-AEAEDFC4184D}"
EndProject
Global
	GlobalSection(SolutionConfigurationPlatforms) = preSolution
		Debug|Any CPU = Debug|Any CPU
		Release|Any CPU = Release|Any CPU
	EndGlobalSection
	GlobalSection(ProjectConfigurationPlatforms) = postSolution
		{37D883E5-7696-460A-AFB6-AEAEDFC4184D}.Debug|Any CPU.ActiveCfg = Debug|Any CPU
		{37D883E5-7696-460A-AFB6-AEAEDFC4184D}.Debug|Any CPU.Build.0 = Debug|Any CPU
		{37D883E5-7696-460A-AFB6-AEAEDFC4184D}.Release|Any CPU.ActiveCfg = Release|Any CPU
		{37D883E5-7696-460A-AFB6-AEAEDFC4184D}.Release|Any CPU.Build.0 = Release|Any CPU
	EndGlobalSection
	GlobalSection(SolutionProperties) = preSolution
		HideSolutionNode = FALSE
	EndGlobalSection
	GlobalSection(ExtensibilityGlobals) = postSolution
		SolutionGuid = {17472D2C-959B-49FB-A866-E48BCA6B8BD8}
	EndGlobalSection
EndGlobal
